// !$*UTF8*$!
{
	archiveVersion = 1;
	classes = {
	};
	objectVersion = 55;
	objects = {

/* Begin PBXBuildFile section */
		8625007C2804D83D0049381D /* IntroViewController.swift in Sources */ = {isa = PBXBuildFile; fileRef = 8625007B2804D83D0049381D /* IntroViewController.swift */; };
		8625007E2804D8530049381D /* LeaderboardViewController.swift in Sources */ = {isa = PBXBuildFile; fileRef = 8625007D2804D8530049381D /* LeaderboardViewController.swift */; };
		862500802804D86A0049381D /* LastGameViewController.swift in Sources */ = {isa = PBXBuildFile; fileRef = 8625007F2804D86A0049381D /* LastGameViewController.swift */; };
		862500822804D89F0049381D /* PlayerTableViewCell.swift in Sources */ = {isa = PBXBuildFile; fileRef = 862500812804D89F0049381D /* PlayerTableViewCell.swift */; };
		862500842804DA310049381D /* NetworkManager.swift in Sources */ = {isa = PBXBuildFile; fileRef = 862500832804DA310049381D /* NetworkManager.swift */; };
		862500862804DA400049381D /* RealmManager.swift in Sources */ = {isa = PBXBuildFile; fileRef = 862500852804DA400049381D /* RealmManager.swift */; };
		862500882804DA530049381D /* Conectivity.swift in Sources */ = {isa = PBXBuildFile; fileRef = 862500872804DA530049381D /* Conectivity.swift */; };
		8625008A2804DA6B0049381D /* Extensions.swift in Sources */ = {isa = PBXBuildFile; fileRef = 862500892804DA6B0049381D /* Extensions.swift */; };
		8625008D2806F72C0049381D /* MatchPlayerTableViewCell.swift in Sources */ = {isa = PBXBuildFile; fileRef = 8625008C2806F72C0049381D /* MatchPlayerTableViewCell.swift */; };
		866566F22804C78F00512035 /* AppDelegate.swift in Sources */ = {isa = PBXBuildFile; fileRef = 866566F12804C78F00512035 /* AppDelegate.swift */; };
		866566F42804C78F00512035 /* SceneDelegate.swift in Sources */ = {isa = PBXBuildFile; fileRef = 866566F32804C78F00512035 /* SceneDelegate.swift */; };
		866566F92804C78F00512035 /* Main.storyboard in Resources */ = {isa = PBXBuildFile; fileRef = 866566F72804C78F00512035 /* Main.storyboard */; };
		866566FB2804C79000512035 /* Assets.xcassets in Resources */ = {isa = PBXBuildFile; fileRef = 866566FA2804C79000512035 /* Assets.xcassets */; };
		866566FE2804C79000512035 /* LaunchScreen.storyboard in Resources */ = {isa = PBXBuildFile; fileRef = 866566FC2804C79000512035 /* LaunchScreen.storyboard */; };
		866567092804C79000512035 /* aoeTests.swift in Sources */ = {isa = PBXBuildFile; fileRef = 866567082804C79000512035 /* aoeTests.swift */; };
		866567132804C79000512035 /* aoeUITests.swift in Sources */ = {isa = PBXBuildFile; fileRef = 866567122804C79000512035 /* aoeUITests.swift */; };
		866567152804C79000512035 /* aoeUITestsLaunchTests.swift in Sources */ = {isa = PBXBuildFile; fileRef = 866567142804C79000512035 /* aoeUITestsLaunchTests.swift */; };
		D2CAEDC0D9B8B947E96B42DD /* Pods_aoeTests.framework in Frameworks */ = {isa = PBXBuildFile; fileRef = 5B7BFB1E374EEC0B7426C27F /* Pods_aoeTests.framework */; };
		E11843CB3CAA880DBEAF6146 /* Pods_aoe_aoeUITests.framework in Frameworks */ = {isa = PBXBuildFile; fileRef = 107B964699E062A481C0CF28 /* Pods_aoe_aoeUITests.framework */; };
		FD43B1EBFE67868E68B81633 /* Pods_aoe.framework in Frameworks */ = {isa = PBXBuildFile; fileRef = FA4FD382F10B229E7218AABA /* Pods_aoe.framework */; };
/* End PBXBuildFile section */

/* Begin PBXContainerItemProxy section */
		866567052804C79000512035 /* PBXContainerItemProxy */ = {
			isa = PBXContainerItemProxy;
			containerPortal = 866566E62804C78F00512035 /* Project object */;
			proxyType = 1;
			remoteGlobalIDString = 866566ED2804C78F00512035;
			remoteInfo = aoe;
		};
		8665670F2804C79000512035 /* PBXContainerItemProxy */ = {
			isa = PBXContainerItemProxy;
			containerPortal = 866566E62804C78F00512035 /* Project object */;
			proxyType = 1;
			remoteGlobalIDString = 866566ED2804C78F00512035;
			remoteInfo = aoe;
		};
/* End PBXContainerItemProxy section */

/* Begin PBXFileReference section */
		107B964699E062A481C0CF28 /* Pods_aoe_aoeUITests.framework */ = {isa = PBXFileReference; explicitFileType = wrapper.framework; includeInIndex = 0; path = Pods_aoe_aoeUITests.framework; sourceTree = BUILT_PRODUCTS_DIR; };
		270B58A07BC6799B2B8E6540 /* Pods-aoeTests.release.xcconfig */ = {isa = PBXFileReference; includeInIndex = 1; lastKnownFileType = text.xcconfig; name = "Pods-aoeTests.release.xcconfig"; path = "Target Support Files/Pods-aoeTests/Pods-aoeTests.release.xcconfig"; sourceTree = "<group>"; };
		5B7BFB1E374EEC0B7426C27F /* Pods_aoeTests.framework */ = {isa = PBXFileReference; explicitFileType = wrapper.framework; includeInIndex = 0; path = Pods_aoeTests.framework; sourceTree = BUILT_PRODUCTS_DIR; };
		8226D45B0D5D65544291C474 /* Pods-aoe.release.xcconfig */ = {isa = PBXFileReference; includeInIndex = 1; lastKnownFileType = text.xcconfig; name = "Pods-aoe.release.xcconfig"; path = "Target Support Files/Pods-aoe/Pods-aoe.release.xcconfig"; sourceTree = "<group>"; };
		8625007B2804D83D0049381D /* IntroViewController.swift */ = {isa = PBXFileReference; lastKnownFileType = sourcecode.swift; path = IntroViewController.swift; sourceTree = "<group>"; };
		8625007D2804D8530049381D /* LeaderboardViewController.swift */ = {isa = PBXFileReference; lastKnownFileType = sourcecode.swift; path = LeaderboardViewController.swift; sourceTree = "<group>"; };
		8625007F2804D86A0049381D /* LastGameViewController.swift */ = {isa = PBXFileReference; lastKnownFileType = sourcecode.swift; path = LastGameViewController.swift; sourceTree = "<group>"; };
		862500812804D89F0049381D /* PlayerTableViewCell.swift */ = {isa = PBXFileReference; lastKnownFileType = sourcecode.swift; path = PlayerTableViewCell.swift; sourceTree = "<group>"; };
		862500832804DA310049381D /* NetworkManager.swift */ = {isa = PBXFileReference; lastKnownFileType = sourcecode.swift; path = NetworkManager.swift; sourceTree = "<group>"; };
		862500852804DA400049381D /* RealmManager.swift */ = {isa = PBXFileReference; lastKnownFileType = sourcecode.swift; path = RealmManager.swift; sourceTree = "<group>"; };
		862500872804DA530049381D /* Conectivity.swift */ = {isa = PBXFileReference; lastKnownFileType = sourcecode.swift; path = Conectivity.swift; sourceTree = "<group>"; };
		862500892804DA6B0049381D /* Extensions.swift */ = {isa = PBXFileReference; lastKnownFileType = sourcecode.swift; path = Extensions.swift; sourceTree = "<group>"; };
		8625008C2806F72C0049381D /* MatchPlayerTableViewCell.swift */ = {isa = PBXFileReference; lastKnownFileType = sourcecode.swift; path = MatchPlayerTableViewCell.swift; sourceTree = "<group>"; };
		866566EE2804C78F00512035 /* aoe.app */ = {isa = PBXFileReference; explicitFileType = wrapper.application; includeInIndex = 0; path = aoe.app; sourceTree = BUILT_PRODUCTS_DIR; };
		866566F12804C78F00512035 /* AppDelegate.swift */ = {isa = PBXFileReference; lastKnownFileType = sourcecode.swift; path = AppDelegate.swift; sourceTree = "<group>"; };
		866566F32804C78F00512035 /* SceneDelegate.swift */ = {isa = PBXFileReference; lastKnownFileType = sourcecode.swift; path = SceneDelegate.swift; sourceTree = "<group>"; };
		866566F82804C78F00512035 /* Base */ = {isa = PBXFileReference; lastKnownFileType = file.storyboard; name = Base; path = Base.lproj/Main.storyboard; sourceTree = "<group>"; };
		866566FA2804C79000512035 /* Assets.xcassets */ = {isa = PBXFileReference; lastKnownFileType = folder.assetcatalog; path = Assets.xcassets; sourceTree = "<group>"; };
		866566FD2804C79000512035 /* Base */ = {isa = PBXFileReference; lastKnownFileType = file.storyboard; name = Base; path = Base.lproj/LaunchScreen.storyboard; sourceTree = "<group>"; };
		866566FF2804C79000512035 /* Info.plist */ = {isa = PBXFileReference; lastKnownFileType = text.plist.xml; path = Info.plist; sourceTree = "<group>"; };
		866567042804C79000512035 /* aoeTests.xctest */ = {isa = PBXFileReference; explicitFileType = wrapper.cfbundle; includeInIndex = 0; path = aoeTests.xctest; sourceTree = BUILT_PRODUCTS_DIR; };
		866567082804C79000512035 /* aoeTests.swift */ = {isa = PBXFileReference; lastKnownFileType = sourcecode.swift; path = aoeTests.swift; sourceTree = "<group>"; };
		8665670E2804C79000512035 /* aoeUITests.xctest */ = {isa = PBXFileReference; explicitFileType = wrapper.cfbundle; includeInIndex = 0; path = aoeUITests.xctest; sourceTree = BUILT_PRODUCTS_DIR; };
		866567122804C79000512035 /* aoeUITests.swift */ = {isa = PBXFileReference; lastKnownFileType = sourcecode.swift; path = aoeUITests.swift; sourceTree = "<group>"; };
		866567142804C79000512035 /* aoeUITestsLaunchTests.swift */ = {isa = PBXFileReference; lastKnownFileType = sourcecode.swift; path = aoeUITestsLaunchTests.swift; sourceTree = "<group>"; };
		ABD025230ABD8AE7B176EC52 /* Pods-aoe.debug.xcconfig */ = {isa = PBXFileReference; includeInIndex = 1; lastKnownFileType = text.xcconfig; name = "Pods-aoe.debug.xcconfig"; path = "Target Support Files/Pods-aoe/Pods-aoe.debug.xcconfig"; sourceTree = "<group>"; };
		CE864EC066B2022FE9434046 /* Pods-aoe-aoeUITests.release.xcconfig */ = {isa = PBXFileReference; includeInIndex = 1; lastKnownFileType = text.xcconfig; name = "Pods-aoe-aoeUITests.release.xcconfig"; path = "Target Support Files/Pods-aoe-aoeUITests/Pods-aoe-aoeUITests.release.xcconfig"; sourceTree = "<group>"; };
		CF29473567021A55C3157D30 /* Pods-aoeTests.debug.xcconfig */ = {isa = PBXFileReference; includeInIndex = 1; lastKnownFileType = text.xcconfig; name = "Pods-aoeTests.debug.xcconfig"; path = "Target Support Files/Pods-aoeTests/Pods-aoeTests.debug.xcconfig"; sourceTree = "<group>"; };
		D3EC4C72184A503454744D7D /* Pods-aoe-aoeUITests.debug.xcconfig */ = {isa = PBXFileReference; includeInIndex = 1; lastKnownFileType = text.xcconfig; name = "Pods-aoe-aoeUITests.debug.xcconfig"; path = "Target Support Files/Pods-aoe-aoeUITests/Pods-aoe-aoeUITests.debug.xcconfig"; sourceTree = "<group>"; };
		FA4FD382F10B229E7218AABA /* Pods_aoe.framework */ = {isa = PBXFileReference; explicitFileType = wrapper.framework; includeInIndex = 0; path = Pods_aoe.framework; sourceTree = BUILT_PRODUCTS_DIR; };
/* End PBXFileReference section */

/* Begin PBXFrameworksBuildPhase section */
		866566EB2804C78F00512035 /* Frameworks */ = {
			isa = PBXFrameworksBuildPhase;
			buildActionMask = 2147483647;
			files = (
				FD43B1EBFE67868E68B81633 /* Pods_aoe.framework in Frameworks */,
			);
			runOnlyForDeploymentPostprocessing = 0;
		};
		866567012804C79000512035 /* Frameworks */ = {
			isa = PBXFrameworksBuildPhase;
			buildActionMask = 2147483647;
			files = (
				D2CAEDC0D9B8B947E96B42DD /* Pods_aoeTests.framework in Frameworks */,
			);
			runOnlyForDeploymentPostprocessing = 0;
		};
		8665670B2804C79000512035 /* Frameworks */ = {
			isa = PBXFrameworksBuildPhase;
			buildActionMask = 2147483647;
			files = (
				E11843CB3CAA880DBEAF6146 /* Pods_aoe_aoeUITests.framework in Frameworks */,
			);
			runOnlyForDeploymentPostprocessing = 0;
		};
/* End PBXFrameworksBuildPhase section */

/* Begin PBXGroup section */
		862500792804C9C80049381D /* Controllers */ = {
			isa = PBXGroup;
			children = (
				8625007B2804D83D0049381D /* IntroViewController.swift */,
				8625007D2804D8530049381D /* LeaderboardViewController.swift */,
				8625007F2804D86A0049381D /* LastGameViewController.swift */,
			);
			path = Controllers;
			sourceTree = "<group>";
		};
		8625007A2804C9D50049381D /* Cells */ = {
			isa = PBXGroup;
			children = (
				862500812804D89F0049381D /* PlayerTableViewCell.swift */,
				8625008C2806F72C0049381D /* MatchPlayerTableViewCell.swift */,
			);
			path = Cells;
			sourceTree = "<group>";
		};
		8625008B280595590049381D /* Managers */ = {
			isa = PBXGroup;
			children = (
				862500832804DA310049381D /* NetworkManager.swift */,
				862500852804DA400049381D /* RealmManager.swift */,
			);
			path = Managers;
			sourceTree = "<group>";
		};
		866566E52804C78F00512035 = {
			isa = PBXGroup;
			children = (
				866566F02804C78F00512035 /* aoe */,
				866567072804C79000512035 /* aoeTests */,
				866567112804C79000512035 /* aoeUITests */,
				866566EF2804C78F00512035 /* Products */,
				CCC4E752842BC3D509D83177 /* Pods */,
				FAE7688FCC7C800FD4C5F401 /* Frameworks */,
			);
			sourceTree = "<group>";
		};
		866566EF2804C78F00512035 /* Products */ = {
			isa = PBXGroup;
			children = (
				866566EE2804C78F00512035 /* aoe.app */,
				866567042804C79000512035 /* aoeTests.xctest */,
				8665670E2804C79000512035 /* aoeUITests.xctest */,
			);
			name = Products;
			sourceTree = "<group>";
		};
		866566F02804C78F00512035 /* aoe */ = {
			isa = PBXGroup;
			children = (
				862500792804C9C80049381D /* Controllers */,
				8625007A2804C9D50049381D /* Cells */,
				8625008B280595590049381D /* Managers */,
				866566F12804C78F00512035 /* AppDelegate.swift */,
				866566F32804C78F00512035 /* SceneDelegate.swift */,
				862500872804DA530049381D /* Conectivity.swift */,
				862500892804DA6B0049381D /* Extensions.swift */,
				866566F72804C78F00512035 /* Main.storyboard */,
				866566FA2804C79000512035 /* Assets.xcassets */,
				866566FC2804C79000512035 /* LaunchScreen.storyboard */,
				866566FF2804C79000512035 /* Info.plist */,
			);
			path = aoe;
			sourceTree = "<group>";
		};
		866567072804C79000512035 /* aoeTests */ = {
			isa = PBXGroup;
			children = (
				866567082804C79000512035 /* aoeTests.swift */,
			);
			path = aoeTests;
			sourceTree = "<group>";
		};
		866567112804C79000512035 /* aoeUITests */ = {
			isa = PBXGroup;
			children = (
				866567122804C79000512035 /* aoeUITests.swift */,
				866567142804C79000512035 /* aoeUITestsLaunchTests.swift */,
			);
			path = aoeUITests;
			sourceTree = "<group>";
		};
		CCC4E752842BC3D509D83177 /* Pods */ = {
			isa = PBXGroup;
			children = (
				ABD025230ABD8AE7B176EC52 /* Pods-aoe.debug.xcconfig */,
				8226D45B0D5D65544291C474 /* Pods-aoe.release.xcconfig */,
				D3EC4C72184A503454744D7D /* Pods-aoe-aoeUITests.debug.xcconfig */,
				CE864EC066B2022FE9434046 /* Pods-aoe-aoeUITests.release.xcconfig */,
				CF29473567021A55C3157D30 /* Pods-aoeTests.debug.xcconfig */,
				270B58A07BC6799B2B8E6540 /* Pods-aoeTests.release.xcconfig */,
			);
			path = Pods;
			sourceTree = "<group>";
		};
		FAE7688FCC7C800FD4C5F401 /* Frameworks */ = {
			isa = PBXGroup;
			children = (
				FA4FD382F10B229E7218AABA /* Pods_aoe.framework */,
				107B964699E062A481C0CF28 /* Pods_aoe_aoeUITests.framework */,
				5B7BFB1E374EEC0B7426C27F /* Pods_aoeTests.framework */,
			);
			name = Frameworks;
			sourceTree = "<group>";
		};
/* End PBXGroup section */

/* Begin PBXNativeTarget section */
		866566ED2804C78F00512035 /* aoe */ = {
			isa = PBXNativeTarget;
			buildConfigurationList = 866567182804C79000512035 /* Build configuration list for PBXNativeTarget "aoe" */;
			buildPhases = (
				9D9B34A2095E8E14F252B014 /* [CP] Check Pods Manifest.lock */,
				866566EA2804C78F00512035 /* Sources */,
				866566EB2804C78F00512035 /* Frameworks */,
				866566EC2804C78F00512035 /* Resources */,
				B19D57A5BC606665E1E58104 /* [CP] Embed Pods Frameworks */,
			);
			buildRules = (
			);
			dependencies = (
			);
			name = aoe;
			productName = aoe;
			productReference = 866566EE2804C78F00512035 /* aoe.app */;
			productType = "com.apple.product-type.application";
		};
		866567032804C79000512035 /* aoeTests */ = {
			isa = PBXNativeTarget;
			buildConfigurationList = 8665671B2804C79000512035 /* Build configuration list for PBXNativeTarget "aoeTests" */;
			buildPhases = (
				E371C85C4E945ED7E4D9170E /* [CP] Check Pods Manifest.lock */,
				866567002804C79000512035 /* Sources */,
				866567012804C79000512035 /* Frameworks */,
				866567022804C79000512035 /* Resources */,
			);
			buildRules = (
			);
			dependencies = (
				866567062804C79000512035 /* PBXTargetDependency */,
			);
			name = aoeTests;
			productName = aoeTests;
			productReference = 866567042804C79000512035 /* aoeTests.xctest */;
			productType = "com.apple.product-type.bundle.unit-test";
		};
		8665670D2804C79000512035 /* aoeUITests */ = {
			isa = PBXNativeTarget;
			buildConfigurationList = 8665671E2804C79000512035 /* Build configuration list for PBXNativeTarget "aoeUITests" */;
			buildPhases = (
				089C648A400EFA0762F34DC5 /* [CP] Check Pods Manifest.lock */,
				8665670A2804C79000512035 /* Sources */,
				8665670B2804C79000512035 /* Frameworks */,
				8665670C2804C79000512035 /* Resources */,
				C8BD0E0912155FCA686C8966 /* [CP] Embed Pods Frameworks */,
			);
			buildRules = (
			);
			dependencies = (
				866567102804C79000512035 /* PBXTargetDependency */,
			);
			name = aoeUITests;
			productName = aoeUITests;
			productReference = 8665670E2804C79000512035 /* aoeUITests.xctest */;
			productType = "com.apple.product-type.bundle.ui-testing";
		};
/* End PBXNativeTarget section */

/* Begin PBXProject section */
		866566E62804C78F00512035 /* Project object */ = {
			isa = PBXProject;
			attributes = {
				BuildIndependentTargetsInParallel = 1;
				LastSwiftUpdateCheck = 1310;
				LastUpgradeCheck = 1310;
				TargetAttributes = {
					866566ED2804C78F00512035 = {
						CreatedOnToolsVersion = 13.1;
					};
					866567032804C79000512035 = {
						CreatedOnToolsVersion = 13.1;
						TestTargetID = 866566ED2804C78F00512035;
					};
					8665670D2804C79000512035 = {
						CreatedOnToolsVersion = 13.1;
						TestTargetID = 866566ED2804C78F00512035;
					};
				};
			};
			buildConfigurationList = 866566E92804C78F00512035 /* Build configuration list for PBXProject "aoe" */;
			compatibilityVersion = "Xcode 13.0";
			developmentRegion = en;
			hasScannedForEncodings = 0;
			knownRegions = (
				en,
				Base,
			);
			mainGroup = 866566E52804C78F00512035;
			productRefGroup = 866566EF2804C78F00512035 /* Products */;
			projectDirPath = "";
			projectRoot = "";
			targets = (
				866566ED2804C78F00512035 /* aoe */,
				866567032804C79000512035 /* aoeTests */,
				8665670D2804C79000512035 /* aoeUITests */,
			);
		};
/* End PBXProject section */

/* Begin PBXResourcesBuildPhase section */
		866566EC2804C78F00512035 /* Resources */ = {
			isa = PBXResourcesBuildPhase;
			buildActionMask = 2147483647;
			files = (
				866566FE2804C79000512035 /* LaunchScreen.storyboard in Resources */,
				866566FB2804C79000512035 /* Assets.xcassets in Resources */,
				866566F92804C78F00512035 /* Main.storyboard in Resources */,
			);
			runOnlyForDeploymentPostprocessing = 0;
		};
		866567022804C79000512035 /* Resources */ = {
			isa = PBXResourcesBuildPhase;
			buildActionMask = 2147483647;
			files = (
			);
			runOnlyForDeploymentPostprocessing = 0;
		};
		8665670C2804C79000512035 /* Resources */ = {
			isa = PBXResourcesBuildPhase;
			buildActionMask = 2147483647;
			files = (
			);
			runOnlyForDeploymentPostprocessing = 0;
		};
/* End PBXResourcesBuildPhase section */

/* Begin PBXShellScriptBuildPhase section */
		089C648A400EFA0762F34DC5 /* [CP] Check Pods Manifest.lock */ = {
			isa = PBXShellScriptBuildPhase;
			buildActionMask = 2147483647;
			files = (
			);
			inputFileListPaths = (
			);
			inputPaths = (
				"${PODS_PODFILE_DIR_PATH}/Podfile.lock",
				"${PODS_ROOT}/Manifest.lock",
			);
			name = "[CP] Check Pods Manifest.lock";
			outputFileListPaths = (
			);
			outputPaths = (
				"$(DERIVED_FILE_DIR)/Pods-aoe-aoeUITests-checkManifestLockResult.txt",
			);
			runOnlyForDeploymentPostprocessing = 0;
			shellPath = /bin/sh;
			shellScript = "diff \"${PODS_PODFILE_DIR_PATH}/Podfile.lock\" \"${PODS_ROOT}/Manifest.lock\" > /dev/null\nif [ $? != 0 ] ; then\n    # print error to STDERR\n    echo \"error: The sandbox is not in sync with the Podfile.lock. Run 'pod install' or update your CocoaPods installation.\" >&2\n    exit 1\nfi\n# This output is used by Xcode 'outputs' to avoid re-running this script phase.\necho \"SUCCESS\" > \"${SCRIPT_OUTPUT_FILE_0}\"\n";
			showEnvVarsInLog = 0;
		};
		9D9B34A2095E8E14F252B014 /* [CP] Check Pods Manifest.lock */ = {
			isa = PBXShellScriptBuildPhase;
			buildActionMask = 2147483647;
			files = (
			);
			inputFileListPaths = (
			);
			inputPaths = (
				"${PODS_PODFILE_DIR_PATH}/Podfile.lock",
				"${PODS_ROOT}/Manifest.lock",
			);
			name = "[CP] Check Pods Manifest.lock";
			outputFileListPaths = (
			);
			outputPaths = (
				"$(DERIVED_FILE_DIR)/Pods-aoe-checkManifestLockResult.txt",
			);
			runOnlyForDeploymentPostprocessing = 0;
			shellPath = /bin/sh;
			shellScript = "diff \"${PODS_PODFILE_DIR_PATH}/Podfile.lock\" \"${PODS_ROOT}/Manifest.lock\" > /dev/null\nif [ $? != 0 ] ; then\n    # print error to STDERR\n    echo \"error: The sandbox is not in sync with the Podfile.lock. Run 'pod install' or update your CocoaPods installation.\" >&2\n    exit 1\nfi\n# This output is used by Xcode 'outputs' to avoid re-running this script phase.\necho \"SUCCESS\" > \"${SCRIPT_OUTPUT_FILE_0}\"\n";
			showEnvVarsInLog = 0;
		};
		B19D57A5BC606665E1E58104 /* [CP] Embed Pods Frameworks */ = {
			isa = PBXShellScriptBuildPhase;
			buildActionMask = 2147483647;
			files = (
			);
			inputFileListPaths = (
				"${PODS_ROOT}/Target Support Files/Pods-aoe/Pods-aoe-frameworks-${CONFIGURATION}-input-files.xcfilelist",
			);
			name = "[CP] Embed Pods Frameworks";
			outputFileListPaths = (
				"${PODS_ROOT}/Target Support Files/Pods-aoe/Pods-aoe-frameworks-${CONFIGURATION}-output-files.xcfilelist",
			);
			runOnlyForDeploymentPostprocessing = 0;
			shellPath = /bin/sh;
			shellScript = "\"${PODS_ROOT}/Target Support Files/Pods-aoe/Pods-aoe-frameworks.sh\"\n";
			showEnvVarsInLog = 0;
		};
		C8BD0E0912155FCA686C8966 /* [CP] Embed Pods Frameworks */ = {
			isa = PBXShellScriptBuildPhase;
			buildActionMask = 2147483647;
			files = (
			);
			inputFileListPaths = (
				"${PODS_ROOT}/Target Support Files/Pods-aoe-aoeUITests/Pods-aoe-aoeUITests-frameworks-${CONFIGURATION}-input-files.xcfilelist",
			);
			name = "[CP] Embed Pods Frameworks";
			outputFileListPaths = (
				"${PODS_ROOT}/Target Support Files/Pods-aoe-aoeUITests/Pods-aoe-aoeUITests-frameworks-${CONFIGURATION}-output-files.xcfilelist",
			);
			runOnlyForDeploymentPostprocessing = 0;
			shellPath = /bin/sh;
			shellScript = "\"${PODS_ROOT}/Target Support Files/Pods-aoe-aoeUITests/Pods-aoe-aoeUITests-frameworks.sh\"\n";
			showEnvVarsInLog = 0;
		};
		E371C85C4E945ED7E4D9170E /* [CP] Check Pods Manifest.lock */ = {
			isa = PBXShellScriptBuildPhase;
			buildActionMask = 2147483647;
			files = (
			);
			inputFileListPaths = (
			);
			inputPaths = (
				"${PODS_PODFILE_DIR_PATH}/Podfile.lock",
				"${PODS_ROOT}/Manifest.lock",
			);
			name = "[CP] Check Pods Manifest.lock";
			outputFileListPaths = (
			);
			outputPaths = (
				"$(DERIVED_FILE_DIR)/Pods-aoeTests-checkManifestLockResult.txt",
			);
			runOnlyForDeploymentPostprocessing = 0;
			shellPath = /bin/sh;
			shellScript = "diff \"${PODS_PODFILE_DIR_PATH}/Podfile.lock\" \"${PODS_ROOT}/Manifest.lock\" > /dev/null\nif [ $? != 0 ] ; then\n    # print error to STDERR\n    echo \"error: The sandbox is not in sync with the Podfile.lock. Run 'pod install' or update your CocoaPods installation.\" >&2\n    exit 1\nfi\n# This output is used by Xcode 'outputs' to avoid re-running this script phase.\necho \"SUCCESS\" > \"${SCRIPT_OUTPUT_FILE_0}\"\n";
			showEnvVarsInLog = 0;
		};
/* End PBXShellScriptBuildPhase section */

/* Begin PBXSourcesBuildPhase section */
		866566EA2804C78F00512035 /* Sources */ = {
			isa = PBXSourcesBuildPhase;
			buildActionMask = 2147483647;
			files = (
				862500802804D86A0049381D /* LastGameViewController.swift in Sources */,
				862500882804DA530049381D /* Conectivity.swift in Sources */,
				862500862804DA400049381D /* RealmManager.swift in Sources */,
				8625007C2804D83D0049381D /* IntroViewController.swift in Sources */,
				862500822804D89F0049381D /* PlayerTableViewCell.swift in Sources */,
				8625008A2804DA6B0049381D /* Extensions.swift in Sources */,
				862500842804DA310049381D /* NetworkManager.swift in Sources */,
				866566F22804C78F00512035 /* AppDelegate.swift in Sources */,
				8625007E2804D8530049381D /* LeaderboardViewController.swift in Sources */,
				8625008D2806F72C0049381D /* MatchPlayerTableViewCell.swift in Sources */,
				866566F42804C78F00512035 /* SceneDelegate.swift in Sources */,
			);
			runOnlyForDeploymentPostprocessing = 0;
		};
		866567002804C79000512035 /* Sources */ = {
			isa = PBXSourcesBuildPhase;
			buildActionMask = 2147483647;
			files = (
				866567092804C79000512035 /* aoeTests.swift in Sources */,
			);
			runOnlyForDeploymentPostprocessing = 0;
		};
		8665670A2804C79000512035 /* Sources */ = {
			isa = PBXSourcesBuildPhase;
			buildActionMask = 2147483647;
			files = (
				866567152804C79000512035 /* aoeUITestsLaunchTests.swift in Sources */,
				866567132804C79000512035 /* aoeUITests.swift in Sources */,
			);
			runOnlyForDeploymentPostprocessing = 0;
		};
/* End PBXSourcesBuildPhase section */

/* Begin PBXTargetDependency section */
		866567062804C79000512035 /* PBXTargetDependency */ = {
			isa = PBXTargetDependency;
			target = 866566ED2804C78F00512035 /* aoe */;
			targetProxy = 866567052804C79000512035 /* PBXContainerItemProxy */;
		};
		866567102804C79000512035 /* PBXTargetDependency */ = {
			isa = PBXTargetDependency;
			target = 866566ED2804C78F00512035 /* aoe */;
			targetProxy = 8665670F2804C79000512035 /* PBXContainerItemProxy */;
		};
/* End PBXTargetDependency section */

/* Begin PBXVariantGroup section */
		866566F72804C78F00512035 /* Main.storyboard */ = {
			isa = PBXVariantGroup;
			children = (
				866566F82804C78F00512035 /* Base */,
			);
			name = Main.storyboard;
			sourceTree = "<group>";
		};
		866566FC2804C79000512035 /* LaunchScreen.storyboard */ = {
			isa = PBXVariantGroup;
			children = (
				866566FD2804C79000512035 /* Base */,
			);
			name = LaunchScreen.storyboard;
			sourceTree = "<group>";
		};
/* End PBXVariantGroup section */

/* Begin XCBuildConfiguration section */
		866567162804C79000512035 /* Debug */ = {
			isa = XCBuildConfiguration;
			buildSettings = {
				ALWAYS_SEARCH_USER_PATHS = NO;
				CLANG_ANALYZER_NONNULL = YES;
				CLANG_ANALYZER_NUMBER_OBJECT_CONVERSION = YES_AGGRESSIVE;
				CLANG_CXX_LANGUAGE_STANDARD = "gnu++17";
				CLANG_CXX_LIBRARY = "libc++";
				CLANG_ENABLE_MODULES = YES;
				CLANG_ENABLE_OBJC_ARC = YES;
				CLANG_ENABLE_OBJC_WEAK = YES;
				CLANG_WARN_BLOCK_CAPTURE_AUTORELEASING = YES;
				CLANG_WARN_BOOL_CONVERSION = YES;
				CLANG_WARN_COMMA = YES;
				CLANG_WARN_CONSTANT_CONVERSION = YES;
				CLANG_WARN_DEPRECATED_OBJC_IMPLEMENTATIONS = YES;
				CLANG_WARN_DIRECT_OBJC_ISA_USAGE = YES_ERROR;
				CLANG_WARN_DOCUMENTATION_COMMENTS = YES;
				CLANG_WARN_EMPTY_BODY = YES;
				CLANG_WARN_ENUM_CONVERSION = YES;
				CLANG_WARN_INFINITE_RECURSION = YES;
				CLANG_WARN_INT_CONVERSION = YES;
				CLANG_WARN_NON_LITERAL_NULL_CONVERSION = YES;
				CLANG_WARN_OBJC_IMPLICIT_RETAIN_SELF = YES;
				CLANG_WARN_OBJC_LITERAL_CONVERSION = YES;
				CLANG_WARN_OBJC_ROOT_CLASS = YES_ERROR;
				CLANG_WARN_QUOTED_INCLUDE_IN_FRAMEWORK_HEADER = YES;
				CLANG_WARN_RANGE_LOOP_ANALYSIS = YES;
				CLANG_WARN_STRICT_PROTOTYPES = YES;
				CLANG_WARN_SUSPICIOUS_MOVE = YES;
				CLANG_WARN_UNGUARDED_AVAILABILITY = YES_AGGRESSIVE;
				CLANG_WARN_UNREACHABLE_CODE = YES;
				CLANG_WARN__DUPLICATE_METHOD_MATCH = YES;
				COPY_PHASE_STRIP = NO;
				DEBUG_INFORMATION_FORMAT = dwarf;
				ENABLE_STRICT_OBJC_MSGSEND = YES;
				ENABLE_TESTABILITY = YES;
				GCC_C_LANGUAGE_STANDARD = gnu11;
				GCC_DYNAMIC_NO_PIC = NO;
				GCC_NO_COMMON_BLOCKS = YES;
				GCC_OPTIMIZATION_LEVEL = 0;
				GCC_PREPROCESSOR_DEFINITIONS = (
					"DEBUG=1",
					"$(inherited)",
				);
				GCC_WARN_64_TO_32_BIT_CONVERSION = YES;
				GCC_WARN_ABOUT_RETURN_TYPE = YES_ERROR;
				GCC_WARN_UNDECLARED_SELECTOR = YES;
				GCC_WARN_UNINITIALIZED_AUTOS = YES_AGGRESSIVE;
				GCC_WARN_UNUSED_FUNCTION = YES;
				GCC_WARN_UNUSED_VARIABLE = YES;
				IPHONEOS_DEPLOYMENT_TARGET = 15.0;
				MTL_ENABLE_DEBUG_INFO = INCLUDE_SOURCE;
				MTL_FAST_MATH = YES;
				ONLY_ACTIVE_ARCH = YES;
				SDKROOT = iphoneos;
				SWIFT_ACTIVE_COMPILATION_CONDITIONS = DEBUG;
				SWIFT_OPTIMIZATION_LEVEL = "-Onone";
			};
			name = Debug;
		};
		866567172804C79000512035 /* Release */ = {
			isa = XCBuildConfiguration;
			buildSettings = {
				ALWAYS_SEARCH_USER_PATHS = NO;
				CLANG_ANALYZER_NONNULL = YES;
				CLANG_ANALYZER_NUMBER_OBJECT_CONVERSION = YES_AGGRESSIVE;
				CLANG_CXX_LANGUAGE_STANDARD = "gnu++17";
				CLANG_CXX_LIBRARY = "libc++";
				CLANG_ENABLE_MODULES = YES;
				CLANG_ENABLE_OBJC_ARC = YES;
				CLANG_ENABLE_OBJC_WEAK = YES;
				CLANG_WARN_BLOCK_CAPTURE_AUTORELEASING = YES;
				CLANG_WARN_BOOL_CONVERSION = YES;
				CLANG_WARN_COMMA = YES;
				CLANG_WARN_CONSTANT_CONVERSION = YES;
				CLANG_WARN_DEPRECATED_OBJC_IMPLEMENTATIONS = YES;
				CLANG_WARN_DIRECT_OBJC_ISA_USAGE = YES_ERROR;
				CLANG_WARN_DOCUMENTATION_COMMENTS = YES;
				CLANG_WARN_EMPTY_BODY = YES;
				CLANG_WARN_ENUM_CONVERSION = YES;
				CLANG_WARN_INFINITE_RECURSION = YES;
				CLANG_WARN_INT_CONVERSION = YES;
				CLANG_WARN_NON_LITERAL_NULL_CONVERSION = YES;
				CLANG_WARN_OBJC_IMPLICIT_RETAIN_SELF = YES;
				CLANG_WARN_OBJC_LITERAL_CONVERSION = YES;
				CLANG_WARN_OBJC_ROOT_CLASS = YES_ERROR;
				CLANG_WARN_QUOTED_INCLUDE_IN_FRAMEWORK_HEADER = YES;
				CLANG_WARN_RANGE_LOOP_ANALYSIS = YES;
				CLANG_WARN_STRICT_PROTOTYPES = YES;
				CLANG_WARN_SUSPICIOUS_MOVE = YES;
				CLANG_WARN_UNGUARDED_AVAILABILITY = YES_AGGRESSIVE;
				CLANG_WARN_UNREACHABLE_CODE = YES;
				CLANG_WARN__DUPLICATE_METHOD_MATCH = YES;
				COPY_PHASE_STRIP = NO;
				DEBUG_INFORMATION_FORMAT = "dwarf-with-dsym";
				ENABLE_NS_ASSERTIONS = NO;
				ENABLE_STRICT_OBJC_MSGSEND = YES;
				GCC_C_LANGUAGE_STANDARD = gnu11;
				GCC_NO_COMMON_BLOCKS = YES;
				GCC_WARN_64_TO_32_BIT_CONVERSION = YES;
				GCC_WARN_ABOUT_RETURN_TYPE = YES_ERROR;
				GCC_WARN_UNDECLARED_SELECTOR = YES;
				GCC_WARN_UNINITIALIZED_AUTOS = YES_AGGRESSIVE;
				GCC_WARN_UNUSED_FUNCTION = YES;
				GCC_WARN_UNUSED_VARIABLE = YES;
				IPHONEOS_DEPLOYMENT_TARGET = 15.0;
				MTL_ENABLE_DEBUG_INFO = NO;
				MTL_FAST_MATH = YES;
				SDKROOT = iphoneos;
				SWIFT_COMPILATION_MODE = wholemodule;
				SWIFT_OPTIMIZATION_LEVEL = "-O";
				VALIDATE_PRODUCT = YES;
			};
			name = Release;
		};
		866567192804C79000512035 /* Debug */ = {
			isa = XCBuildConfiguration;
			baseConfigurationReference = ABD025230ABD8AE7B176EC52 /* Pods-aoe.debug.xcconfig */;
			buildSettings = {
				ASSETCATALOG_COMPILER_APPICON_NAME = AppIcon;
				ASSETCATALOG_COMPILER_GLOBAL_ACCENT_COLOR_NAME = AccentColor;
				CODE_SIGN_STYLE = Automatic;
				CURRENT_PROJECT_VERSION = 1;
				DEVELOPMENT_TEAM = BY4U7U978W;
				GENERATE_INFOPLIST_FILE = YES;
				INFOPLIST_FILE = aoe/Info.plist;
				INFOPLIST_KEY_UIApplicationSupportsIndirectInputEvents = YES;
				INFOPLIST_KEY_UILaunchStoryboardName = LaunchScreen;
				INFOPLIST_KEY_UIMainStoryboardFile = Main;
				INFOPLIST_KEY_UISupportedInterfaceOrientations_iPad = "UIInterfaceOrientationPortrait UIInterfaceOrientationPortraitUpsideDown UIInterfaceOrientationLandscapeLeft UIInterfaceOrientationLandscapeRight";
				INFOPLIST_KEY_UISupportedInterfaceOrientations_iPhone = "UIInterfaceOrientationPortrait UIInterfaceOrientationLandscapeLeft UIInterfaceOrientationLandscapeRight";
				LD_RUNPATH_SEARCH_PATHS = (
					"$(inherited)",
					"@executable_path/Frameworks",
				);
				MARKETING_VERSION = 1.0;
				PRODUCT_BUNDLE_IDENTIFIER = boros.aoe;
				PRODUCT_NAME = "$(TARGET_NAME)";
				SWIFT_EMIT_LOC_STRINGS = YES;
				SWIFT_VERSION = 5.0;
				TARGETED_DEVICE_FAMILY = "1,2";
			};
			name = Debug;
		};
		8665671A2804C79000512035 /* Release */ = {
			isa = XCBuildConfiguration;
			baseConfigurationReference = 8226D45B0D5D65544291C474 /* Pods-aoe.release.xcconfig */;
			buildSettings = {
				ASSETCATALOG_COMPILER_APPICON_NAME = AppIcon;
				ASSETCATALOG_COMPILER_GLOBAL_ACCENT_COLOR_NAME = AccentColor;
				CODE_SIGN_STYLE = Automatic;
				CURRENT_PROJECT_VERSION = 1;
				DEVELOPMENT_TEAM = BY4U7U978W;
				GENERATE_INFOPLIST_FILE = YES;
				INFOPLIST_FILE = aoe/Info.plist;
				INFOPLIST_KEY_UIApplicationSupportsIndirectInputEvents = YES;
				INFOPLIST_KEY_UILaunchStoryboardName = LaunchScreen;
				INFOPLIST_KEY_UIMainStoryboardFile = Main;
				INFOPLIST_KEY_UISupportedInterfaceOrientations_iPad = "UIInterfaceOrientationPortrait UIInterfaceOrientationPortraitUpsideDown UIInterfaceOrientationLandscapeLeft UIInterfaceOrientationLandscapeRight";
				INFOPLIST_KEY_UISupportedInterfaceOrientations_iPhone = "UIInterfaceOrientationPortrait UIInterfaceOrientationLandscapeLeft UIInterfaceOrientationLandscapeRight";
				LD_RUNPATH_SEARCH_PATHS = (
					"$(inherited)",
					"@executable_path/Frameworks",
				);
				MARKETING_VERSION = 1.0;
				PRODUCT_BUNDLE_IDENTIFIER = boros.aoe;
				PRODUCT_NAME = "$(TARGET_NAME)";
				SWIFT_EMIT_LOC_STRINGS = YES;
				SWIFT_VERSION = 5.0;
				TARGETED_DEVICE_FAMILY = "1,2";
			};
			name = Release;
		};
		8665671C2804C79000512035 /* Debug */ = {
			isa = XCBuildConfiguration;
			baseConfigurationReference = CF29473567021A55C3157D30 /* Pods-aoeTests.debug.xcconfig */;
			buildSettings = {
				ALWAYS_EMBED_SWIFT_STANDARD_LIBRARIES = YES;
				BUNDLE_LOADER = "$(TEST_HOST)";
				CODE_SIGN_STYLE = Automatic;
				CURRENT_PROJECT_VERSION = 1;
				DEVELOPMENT_TEAM = BY4U7U978W;
				GENERATE_INFOPLIST_FILE = YES;
				IPHONEOS_DEPLOYMENT_TARGET = 15.0;
				LD_RUNPATH_SEARCH_PATHS = (
					"$(inherited)",
					"@executable_path/Frameworks",
					"@loader_path/Frameworks",
				);
				MARKETING_VERSION = 1.0;
				PRODUCT_BUNDLE_IDENTIFIER = boros.aoeTests;
				PRODUCT_NAME = "$(TARGET_NAME)";
				SWIFT_EMIT_LOC_STRINGS = NO;
				SWIFT_VERSION = 5.0;
				TARGETED_DEVICE_FAMILY = "1,2";
				TEST_HOST = "$(BUILT_PRODUCTS_DIR)/aoe.app/aoe";
			};
			name = Debug;
		};
		8665671D2804C79000512035 /* Release */ = {
			isa = XCBuildConfiguration;
			baseConfigurationReference = 270B58A07BC6799B2B8E6540 /* Pods-aoeTests.release.xcconfig */;
			buildSettings = {
				ALWAYS_EMBED_SWIFT_STANDARD_LIBRARIES = YES;
				BUNDLE_LOADER = "$(TEST_HOST)";
				CODE_SIGN_STYLE = Automatic;
				CURRENT_PROJECT_VERSION = 1;
				DEVELOPMENT_TEAM = BY4U7U978W;
				GENERATE_INFOPLIST_FILE = YES;
				IPHONEOS_DEPLOYMENT_TARGET = 15.0;
				LD_RUNPATH_SEARCH_PATHS = (
					"$(inherited)",
					"@executable_path/Frameworks",
					"@loader_path/Frameworks",
				);
				MARKETING_VERSION = 1.0;
				PRODUCT_BUNDLE_IDENTIFIER = boros.aoeTests;
				PRODUCT_NAME = "$(TARGET_NAME)";
				SWIFT_EMIT_LOC_STRINGS = NO;
				SWIFT_VERSION = 5.0;
				TARGETED_DEVICE_FAMILY = "1,2";
				TEST_HOST = "$(BUILT_PRODUCTS_DIR)/aoe.app/aoe";
			};
			name = Release;
		};
		8665671F2804C79000512035 /* Debug */ = {
			isa = XCBuildConfiguration;
			baseConfigurationReference = D3EC4C72184A503454744D7D /* Pods-aoe-aoeUITests.debug.xcconfig */;
			buildSettings = {
				ALWAYS_EMBED_SWIFT_STANDARD_LIBRARIES = YES;
				CODE_SIGN_STYLE = Automatic;
				CURRENT_PROJECT_VERSION = 1;
				DEVELOPMENT_TEAM = BY4U7U978W;
				GENERATE_INFOPLIST_FILE = YES;
				LD_RUNPATH_SEARCH_PATHS = (
					"$(inherited)",
					"@executable_path/Frameworks",
					"@loader_path/Frameworks",
				);
				MARKETING_VERSION = 1.0;
				PRODUCT_BUNDLE_IDENTIFIER = boros.aoeUITests;
				PRODUCT_NAME = "$(TARGET_NAME)";
				SWIFT_EMIT_LOC_STRINGS = NO;
				SWIFT_VERSION = 5.0;
				TARGETED_DEVICE_FAMILY = "1,2";
				TEST_TARGET_NAME = aoe;
			};
			name = Debug;
		};
		866567202804C79000512035 /* Release */ = {
			isa = XCBuildConfiguration;
			baseConfigurationReference = CE864EC066B2022FE9434046 /* Pods-aoe-aoeUITests.release.xcconfig */;
			buildSettings = {
				ALWAYS_EMBED_SWIFT_STANDARD_LIBRARIES = YES;
				CODE_SIGN_STYLE = Automatic;
				CURRENT_PROJECT_VERSION = 1;
				DEVELOPMENT_TEAM = BY4U7U978W;
				GENERATE_INFOPLIST_FILE = YES;
				LD_RUNPATH_SEARCH_PATHS = (
					"$(inherited)",
					"@executable_path/Frameworks",
					"@loader_path/Frameworks",
				);
				MARKETING_VERSION = 1.0;
				PRODUCT_BUNDLE_IDENTIFIER = boros.aoeUITests;
				PRODUCT_NAME = "$(TARGET_NAME)";
				SWIFT_EMIT_LOC_STRINGS = NO;
				SWIFT_VERSION = 5.0;
				TARGETED_DEVICE_FAMILY = "1,2";
				TEST_TARGET_NAME = aoe;
			};
			name = Release;
		};
/* End XCBuildConfiguration section */

/* Begin XCConfigurationList section */
		866566E92804C78F00512035 /* Build configuration list for PBXProject "aoe" */ = {
			isa = XCConfigurationList;
			buildConfigurations = (
				866567162804C79000512035 /* Debug */,
				866567172804C79000512035 /* Release */,
			);
			defaultConfigurationIsVisible = 0;
			defaultConfigurationName = Release;
		};
		866567182804C79000512035 /* Build configuration list for PBXNativeTarget "aoe" */ = {
			isa = XCConfigurationList;
			buildConfigurations = (
				866567192804C79000512035 /* Debug */,
				8665671A2804C79000512035 /* Release */,
			);
			defaultConfigurationIsVisible = 0;
			defaultConfigurationName = Release;
		};
		8665671B2804C79000512035 /* Build configuration list for PBXNativeTarget "aoeTests" */ = {
			isa = XCConfigurationList;
			buildConfigurations = (
				8665671C2804C79000512035 /* Debug */,
				8665671D2804C79000512035 /* Release */,
			);
			defaultConfigurationIsVisible = 0;
			defaultConfigurationName = Release;
		};
		8665671E2804C79000512035 /* Build configuration list for PBXNativeTarget "aoeUITests" */ = {
			isa = XCConfigurationList;
			buildConfigurations = (
				8665671F2804C79000512035 /* Debug */,
				866567202804C79000512035 /* Release */,
			);
			defaultConfigurationIsVisible = 0;
			defaultConfigurationName = Release;
		};
/* End XCConfigurationList section */
	};
	rootObject = 866566E62804C78F00512035 /* Project object */;
}
